{
  "name": "11ty-starter",
  "version": "1.0.0",
  "lockfileVersion": 2,
  "requires": true,
  "packages": {
    "": {
      "dependencies": {
        "@11ty/eleventy": "^2.0.1",
        "@kickstartds/eleventy-plugin-kickstartds": "1.0.2"
      }
    }
  },
  "dependencies": {
    "@11ty/eleventy": {
      "version": "2.0.1",
      "resolved": "https://registry.npmjs.org/@11ty/eleventy/-/eleventy-2.0.1.tgz",
      "integrity": "sha512-example=="
    },
    "@kickstartds/eleventy-plugin-kickstartds": {
      "version": "1.0.2",
      "resolved": "https://registry.npmjs.org/@kickstartds/eleventy-plugin-kickstartds/-/eleventy-plugin-kickstartds-1.0.2.tgz",
      "integrity": "sha512-example=="
    }
  }
}